# @generated - this file is auto-generated by `mise lock` https://mise.jdx.dev/dev-tools/mise-lock.html

[conda-packages.linux-arm64."_openmp_mutex-4.5-20_gnu"]
url = "https://conda.anaconda.org/conda-forge/linux-aarch64/_openmp_mutex-4.5-20_gnu.conda"
checksum = "sha256:a2527b1d81792a0ccd2c05850960df119c2b6d8f5fdec97f2db7d25dc23b1068"

[conda-packages.linux-arm64."libgcc-15.2.0-h8acb6b2_18"]
url = "https://conda.anaconda.org/conda-forge/linux-aarch64/libgcc-15.2.0-h8acb6b2_18.conda"
checksum = "sha256:43df385bedc1cab11993c4369e1f3b04b4ca5d0ea16cba6a0e7f18dbc129fcc9"

[conda-packages.linux-arm64."libgomp-15.2.0-h8acb6b2_18"]
url = "https://conda.anaconda.org/conda-forge/linux-aarch64/libgomp-15.2.0-h8acb6b2_18.conda"
checksum = "sha256:fc716f11a6a8525e27a5d332ef6a689210b0d2a4dd1133edc0f530659aa9faa6"

[conda-packages.linux-arm64-musl."_openmp_mutex-4.5-20_gnu"]
url = "https://conda.anaconda.org/conda-forge/linux-aarch64/_openmp_mutex-4.5-20_gnu.conda"
checksum = "sha256:a2527b1d81792a0ccd2c05850960df119c2b6d8f5fdec97f2db7d25dc23b1068"

[conda-packages.linux-arm64-musl."libgcc-15.2.0-h8acb6b2_18"]
url = "https://conda.anaconda.org/conda-forge/linux-aarch64/libgcc-15.2.0-h8acb6b2_18.conda"
checksum = "sha256:43df385bedc1cab11993c4369e1f3b04b4ca5d0ea16cba6a0e7f18dbc129fcc9"

[conda-packages.linux-arm64-musl."libgomp-15.2.0-h8acb6b2_18"]
url = "https://conda.anaconda.org/conda-forge/linux-aarch64/libgomp-15.2.0-h8acb6b2_18.conda"
checksum = "sha256:fc716f11a6a8525e27a5d332ef6a689210b0d2a4dd1133edc0f530659aa9faa6"

[conda-packages.windows-x64."_openmp_mutex-4.5-20_gnu"]
url = "https://conda.anaconda.org/conda-forge/win-64/_openmp_mutex-4.5-20_gnu.conda"
checksum = "sha256:8a1cee28bd0ee7451ada1cd50b64720e57e17ff994fc62dd8329bef570d382e4"

[conda-packages.windows-x64."libgcc-15.2.0-h8ee18e1_18"]
url = "https://conda.anaconda.org/conda-forge/win-64/libgcc-15.2.0-h8ee18e1_18.conda"
checksum = "sha256:da2c96563c76b8c601746f03e03ac75d2b4640fa2ee017cb23d6c9fc31f1b2c6"

[conda-packages.windows-x64."libgomp-15.2.0-h8ee18e1_18"]
url = "https://conda.anaconda.org/conda-forge/win-64/libgomp-15.2.0-h8ee18e1_18.conda"
checksum = "sha256:94981bc2e42374c737750895c6fdcfc43b7126c4fc788cad0ecc7281745931da"

[conda-packages.windows-x64."libwinpthread-12.0.0.r4.gg4f2fc60ca-h57928b3_10"]
url = "https://conda.anaconda.org/conda-forge/win-64/libwinpthread-12.0.0.r4.gg4f2fc60ca-h57928b3_10.conda"
checksum = "sha256:0fccf2d17026255b6e10ace1f191d0a2a18f2d65088fd02430be17c701f8ffe0"

[conda-packages.windows-x64."ucrt-10.0.26100.0-h57928b3_0"]
url = "https://conda.anaconda.org/conda-forge/win-64/ucrt-10.0.26100.0-h57928b3_0.conda"
checksum = "sha256:3005729dce6f3d3f5ec91dfc49fc75a0095f9cd23bab49efb899657297ac91a5"

[[tools.make]]
version = "4.4.1"
backend = "conda:make"

[tools.make."platforms.linux-arm64"]
checksum = "sha256:d243aea768e6fa360b7eda598340f43d2a41c9fc169d9f97f505410be68815f8"
url = "https://conda.anaconda.org/conda-forge/linux-aarch64/make-4.4.1-h2a6d0cb_2.conda"
conda_deps = [
    "libgcc-15.2.0-h8acb6b2_18",
    "_openmp_mutex-4.5-20_gnu",
    "libgomp-15.2.0-h8acb6b2_18",
]

[tools.make."platforms.linux-arm64-musl"]
checksum = "sha256:d243aea768e6fa360b7eda598340f43d2a41c9fc169d9f97f505410be68815f8"
url = "https://conda.anaconda.org/conda-forge/linux-aarch64/make-4.4.1-h2a6d0cb_2.conda"
conda_deps = [
    "libgcc-15.2.0-h8acb6b2_18",
    "_openmp_mutex-4.5-20_gnu",
    "libgomp-15.2.0-h8acb6b2_18",
]

[tools.make."platforms.macos-arm64"]
checksum = "sha256:90ca65e788406d9029ae23ad4bd944a8b5353ad5f59bd6ce326f980cde46f37e"
url = "https://conda.anaconda.org/conda-forge/osx-arm64/make-4.4.1-hc9fafa5_2.conda"
conda_deps = []

[tools.make."platforms.macos-x64"]
checksum = "sha256:5a5ab3ee828309185e0a76ca80f5da85f31d8480d923abb508ca00fe194d1b5a"
url = "https://conda.anaconda.org/conda-forge/osx-64/make-4.4.1-h00291cd_2.conda"
conda_deps = []

[tools.make."platforms.windows-x64"]
checksum = "sha256:a810cdca3d5fa50d562cda23c0c1195b45ff5f9b0c41e0d4c8c2dd3c043ff4f2"
url = "https://conda.anaconda.org/conda-forge/win-64/make-4.4.1-h0e40799_2.conda"
conda_deps = [
    "libgcc-15.2.0-h8ee18e1_18",
    "libwinpthread-12.0.0.r4.gg4f2fc60ca-h57928b3_10",
    "ucrt-10.0.26100.0-h57928b3_0",
    "_openmp_mutex-4.5-20_gnu",
    "libgomp-15.2.0-h8ee18e1_18",
]

[[tools.python]]
version = "3.13.13"
backend = "core:python"

[tools.python."platforms.linux-arm64"]
checksum = "sha256:0556f1260a9a1fc83210dcecf9d4cbacf17eb4a684541c84798ffc8b4d618c35"
url = "https://github.com/astral-sh/python-build-standalone/releases/download/20260414/cpython-3.13.13+20260414-aarch64-unknown-linux-gnu-install_only_stripped.tar.gz"
provenance = "github-attestations"

[tools.python."platforms.linux-arm64-musl"]
checksum = "sha256:0556f1260a9a1fc83210dcecf9d4cbacf17eb4a684541c84798ffc8b4d618c35"
url = "https://github.com/astral-sh/python-build-standalone/releases/download/20260414/cpython-3.13.13+20260414-aarch64-unknown-linux-gnu-install_only_stripped.tar.gz"
provenance = "github-attestations"

[tools.python."platforms.linux-x64"]
checksum = "sha256:13d3b6d15f4c3c1dd1955a3c81e06bdc5aef4cb5cb65076878374948be3b0412"
url = "https://github.com/astral-sh/python-build-standalone/releases/download/20260414/cpython-3.13.13+20260414-x86_64-unknown-linux-gnu-install_only_stripped.tar.gz"
provenance = "github-attestations"

[tools.python."platforms.linux-x64-musl"]
checksum = "sha256:13d3b6d15f4c3c1dd1955a3c81e06bdc5aef4cb5cb65076878374948be3b0412"
url = "https://github.com/astral-sh/python-build-standalone/releases/download/20260414/cpython-3.13.13+20260414-x86_64-unknown-linux-gnu-install_only_stripped.tar.gz"
provenance = "github-attestations"

[tools.python."platforms.macos-arm64"]
checksum = "sha256:874f9931ad40dcce38caf6f408aa7e10ec3d0dfce2184ba7af62a965a66b9cd9"
url = "https://github.com/astral-sh/python-build-standalone/releases/download/20260414/cpython-3.13.13+20260414-aarch64-apple-darwin-install_only_stripped.tar.gz"
provenance = "github-attestations"

[tools.python."platforms.macos-x64"]
checksum = "sha256:d34198cd856fa80ebf3aa821fe329a25fab66eeda44f72ac9576591282e31bb7"
url = "https://github.com/astral-sh/python-build-standalone/releases/download/20260414/cpython-3.13.13+20260414-x86_64-apple-darwin-install_only_stripped.tar.gz"
provenance = "github-attestations"

[tools.python."platforms.windows-x64"]
checksum = "sha256:b84dce293464cfd366ee792a3d5b42abe5174fc9cce733ba895b3ef467cb3161"
url = "https://github.com/astral-sh/python-build-standalone/releases/download/20260414/cpython-3.13.13+20260414-x86_64-pc-windows-msvc-install_only_stripped.tar.gz"
provenance = "github-attestations"

[[tools.uv]]
version = "0.11.7"
backend = "aqua:astral-sh/uv"

[tools.uv."platforms.linux-arm64"]
checksum = "sha256:46647dc16cbb7d6700f762fdd7a67d220abe18570914732bc310adc91308d272"
url = "https://github.com/astral-sh/uv/releases/download/0.11.7/uv-aarch64-unknown-linux-musl.tar.gz"
provenance = "github-attestations"

[tools.uv."platforms.linux-arm64-musl"]
checksum = "sha256:46647dc16cbb7d6700f762fdd7a67d220abe18570914732bc310adc91308d272"
url = "https://github.com/astral-sh/uv/releases/download/0.11.7/uv-aarch64-unknown-linux-musl.tar.gz"
provenance = "github-attestations"

[tools.uv."platforms.linux-x64"]
checksum = "sha256:64ddb5f1087649e3f75aa50d139aa4f36ddde728a5295a141e0fa9697bfb7b0f"
url = "https://github.com/astral-sh/uv/releases/download/0.11.7/uv-x86_64-unknown-linux-musl.tar.gz"
provenance = "github-attestations"

[tools.uv."platforms.linux-x64-musl"]
checksum = "sha256:64ddb5f1087649e3f75aa50d139aa4f36ddde728a5295a141e0fa9697bfb7b0f"
url = "https://github.com/astral-sh/uv/releases/download/0.11.7/uv-x86_64-unknown-linux-musl.tar.gz"
provenance = "github-attestations"

[tools.uv."platforms.macos-arm64"]
checksum = "sha256:66e37d91f839e12481d7b932a1eccbfe732560f42c1cfb89faddfa2454534ba8"
url = "https://github.com/astral-sh/uv/releases/download/0.11.7/uv-aarch64-apple-darwin.tar.gz"
provenance = "github-attestations"

[tools.uv."platforms.macos-x64"]
checksum = "sha256:0a4bc8fcde4974ea3560be21772aeecab600a6f43fa6e58169f9fa7b3b71d302"
url = "https://github.com/astral-sh/uv/releases/download/0.11.7/uv-x86_64-apple-darwin.tar.gz"
provenance = "github-attestations"

[tools.uv."platforms.windows-x64"]
checksum = "sha256:fe0c7815acf4fc45f8a5eff58ed3cf7ae2e15c3cf1dceadbd10c816ec1690cc1"
url = "https://github.com/astral-sh/uv/releases/download/0.11.7/uv-x86_64-pc-windows-msvc.zip"
provenance = "github-attestations"
